
Microsoft Visual Studio Solution File, Format Version 12.00
# Visual Studio Version 17
VisualStudioVersion = 17.9.34728.123
MinimumVisualStudioVersion = 10.0.40219.1
Project("{9A19103F-16F7-4668-BE54-9A1E7A4F7556}") = "APApiDbS2024InClass", "APApiDbS2024InClass.csproj", "{9C0CA70A-251A-45CA-9727-79C8E1E9FA9B}"
EndProject
Project("{FAE04EC0-301F-11D3-BF4B-00C04F79EFBC}") = "APApiDbS2024InClassTests1", "..\APApiDbS2024InClassTests1\APApiDbS2024InClassTests1.csproj", "{1902BAA8-C1F7-47D6-A9CD-275DA9E7684F}"
EndProject
Global
	GlobalSection(SolutionConfigurationPlatforms) = preSolution
		Debug|Any CPU = Debug|Any CPU
		Release|Any CPU = Release|Any CPU
	EndGlobalSection
	GlobalSection(ProjectConfigurationPlatforms) = postSolution
		{9C0CA70A-251A-45CA-9727-79C8E1E9FA9B}.Debug|Any CPU.ActiveCfg = Debug|Any CPU
		{9C0CA70A-251A-45CA-9727-79C8E1E9FA9B}.Debug|Any CPU.Build.0 = Debug|Any CPU
		{9C0CA70A-251A-45CA-9727-79C8E1E9FA9B}.Release|Any CPU.ActiveCfg = Release|Any CPU
		{9C0CA70A-251A-45CA-9727-79C8E1E9FA9B}.Release|Any CPU.Build.0 = Release|Any CPU
		{1902BAA8-C1F7-47D6-A9CD-275DA9E7684F}.Debug|Any CPU.ActiveCfg = Debug|Any CPU
		{1902BAA8-C1F7-47D6-A9CD-275DA9E7684F}.Debug|Any CPU.Build.0 = Debug|Any CPU
		{1902BAA8-C1F7-47D6-A9CD-275DA9E7684F}.Release|Any CPU.ActiveCfg = Release|Any CPU
		{1902BAA8-C1F7-47D6-A9CD-275DA9E7684F}.Release|Any CPU.Build.0 = Release|Any CPU
	EndGlobalSection
	GlobalSection(SolutionProperties) = preSolution
		HideSolutionNode = FALSE
	EndGlobalSection
	GlobalSection(ExtensibilityGlobals) = postSolution
		SolutionGuid = {24E60335-98F4-4B1C-8CBB-8D68938A232C}
	EndGlobalSection
EndGlobal
